
Microsoft Visual Studio Solution File, Format Version 12.00
# Visual Studio Version 17
VisualStudioVersion = 17.3.32929.385
MinimumVisualStudioVersion = 10.0.40219.1
Project("{FAE04EC0-301F-11D3-BF4B-00C04F79EFBC}") = "CrudFileAPi", "CrudFileAPi\CrudFileAPi.csproj", "{BDDD87E4-9336-44CE-85E5-B72181B48A4A}"
EndProject
Project("{FAE04EC0-301F-11D3-BF4B-00C04F79EFBC}") = "CrudFile.EntityFrameworkCore", "CrudFile.EntityFrameworkCore\CrudFile.EntityFrameworkCore.csproj", "{C5CDB68B-3492-4646-8289-31BFBB81B98B}"
EndProject
Project("{FAE04EC0-301F-11D3-BF4B-00C04F79EFBC}") = "CrudFile.Core", "CrudFile.Core\CrudFile.Core.csproj", "{6A2D82C7-1F06-45C7-BB54-251E48273060}"
EndProject
Project("{FAE04EC0-301F-11D3-BF4B-00C04F79EFBC}") = "CrudFile.AppServices.Shared", "CrudFile.AppServices.Shared\CrudFile.AppServices.Shared.csproj", "{BCDADEFB-11A6-4E41-9866-3755D141F20D}"
EndProject
Project("{FAE04EC0-301F-11D3-BF4B-00C04F79EFBC}") = "CrudFile.AppServices", "CrudFile.AppServices\CrudFile.AppServices.csproj", "{521BA0B3-B685-46C7-AA4C-E89A2C7C00D3}"
EndProject
Global
	GlobalSection(SolutionConfigurationPlatforms) = preSolution
		Debug|Any CPU = Debug|Any CPU
		Release|Any CPU = Release|Any CPU
	EndGlobalSection
	GlobalSection(ProjectConfigurationPlatforms) = postSolution
		{BDDD87E4-9336-44CE-85E5-B72181B48A4A}.Debug|Any CPU.ActiveCfg = Debug|Any CPU
		{BDDD87E4-9336-44CE-85E5-B72181B48A4A}.Debug|Any CPU.Build.0 = Debug|Any CPU
		{BDDD87E4-9336-44CE-85E5-B72181B48A4A}.Release|Any CPU.ActiveCfg = Release|Any CPU
		{BDDD87E4-9336-44CE-85E5-B72181B48A4A}.Release|Any CPU.Build.0 = Release|Any CPU
		{C5CDB68B-3492-4646-8289-31BFBB81B98B}.Debug|Any CPU.ActiveCfg = Debug|Any CPU
		{C5CDB68B-3492-4646-8289-31BFBB81B98B}.Debug|Any CPU.Build.0 = Debug|Any CPU
		{C5CDB68B-3492-4646-8289-31BFBB81B98B}.Release|Any CPU.ActiveCfg = Release|Any CPU
		{C5CDB68B-3492-4646-8289-31BFBB81B98B}.Release|Any CPU.Build.0 = Release|Any CPU
		{6A2D82C7-1F06-45C7-BB54-251E48273060}.Debug|Any CPU.ActiveCfg = Debug|Any CPU
		{6A2D82C7-1F06-45C7-BB54-251E48273060}.Debug|Any CPU.Build.0 = Debug|Any CPU
		{6A2D82C7-1F06-45C7-BB54-251E48273060}.Release|Any CPU.ActiveCfg = Release|Any CPU
		{6A2D82C7-1F06-45C7-BB54-251E48273060}.Release|Any CPU.Build.0 = Release|Any CPU
		{BCDADEFB-11A6-4E41-9866-3755D141F20D}.Debug|Any CPU.ActiveCfg = Debug|Any CPU
		{BCDADEFB-11A6-4E41-9866-3755D141F20D}.Debug|Any CPU.Build.0 = Debug|Any CPU
		{BCDADEFB-11A6-4E41-9866-3755D141F20D}.Release|Any CPU.ActiveCfg = Release|Any CPU
		{BCDADEFB-11A6-4E41-9866-3755D141F20D}.Release|Any CPU.Build.0 = Release|Any CPU
		{521BA0B3-B685-46C7-AA4C-E89A2C7C00D3}.Debug|Any CPU.ActiveCfg = Debug|Any CPU
		{521BA0B3-B685-46C7-AA4C-E89A2C7C00D3}.Debug|Any CPU.Build.0 = Debug|Any CPU
		{521BA0B3-B685-46C7-AA4C-E89A2C7C00D3}.Release|Any CPU.ActiveCfg = Release|Any CPU
		{521BA0B3-B685-46C7-AA4C-E89A2C7C00D3}.Release|Any CPU.Build.0 = Release|Any CPU
	EndGlobalSection
	GlobalSection(SolutionProperties) = preSolution
		HideSolutionNode = FALSE
	EndGlobalSection
	GlobalSection(ExtensibilityGlobals) = postSolution
		SolutionGuid = {13610D2B-9454-4500-B952-AA87570615F2}
	EndGlobalSection
EndGlobal
